
Microsoft Visual Studio Solution File, Format Version 12.00
# Visual Studio Version 17
VisualStudioVersion = 17.8.34330.188
MinimumVisualStudioVersion = 10.0.40219.1
Project("{FAE04EC0-301F-11D3-BF4B-00C04F79EFBC}") = "01-Numbers-from-N-to-1", "01-Numbers-from-N-to-1\01-Numbers-from-N-to-1.csproj", "{DDF758BE-81AF-4AC1-8DA5-BE156D1EE513}"
EndProject
Project("{FAE04EC0-301F-11D3-BF4B-00C04F79EFBC}") = "02-Even-Powers-of-2", "02-Even-Powers-of-2\02-Even-Powers-of-2.csproj", "{A53A7618-8F9B-4006-B6DA-E4D71F82C0E8}"
EndProject
Project("{FAE04EC0-301F-11D3-BF4B-00C04F79EFBC}") = "03-Triangle-of-Stars", "03-Triangle-of-Stars\03-Triangle-of-Stars.csproj", "{753E6C71-9EDE-422C-8DB3-63D6B9584DE9}"
EndProject
Project("{FAE04EC0-301F-11D3-BF4B-00C04F79EFBC}") = "04-Building", "04-Building\04-Building.csproj", "{1C13E3E9-58DA-4FC5-8C51-ECA37DA8C1FD}"
EndProject
Project("{FAE04EC0-301F-11D3-BF4B-00C04F79EFBC}") = "05-Number-Pyramid", "05-Number-Pyramid\05-Number-Pyramid.csproj", "{968513E4-D77F-45C2-927B-D9226AD5DB4D}"
EndProject
Project("{FAE04EC0-301F-11D3-BF4B-00C04F79EFBC}") = "06-Travel-Savings", "06-Travel-Savings\06-Travel-Savings.csproj", "{9C7F31D4-2F9E-4558-988C-2F079AB151ED}"
EndProject
Global
	GlobalSection(SolutionConfigurationPlatforms) = preSolution
		Debug|Any CPU = Debug|Any CPU
		Release|Any CPU = Release|Any CPU
	EndGlobalSection
	GlobalSection(ProjectConfigurationPlatforms) = postSolution
		{DDF758BE-81AF-4AC1-8DA5-BE156D1EE513}.Debug|Any CPU.ActiveCfg = Debug|Any CPU
		{DDF758BE-81AF-4AC1-8DA5-BE156D1EE513}.Debug|Any CPU.Build.0 = Debug|Any CPU
		{DDF758BE-81AF-4AC1-8DA5-BE156D1EE513}.Release|Any CPU.ActiveCfg = Release|Any CPU
		{DDF758BE-81AF-4AC1-8DA5-BE156D1EE513}.Release|Any CPU.Build.0 = Release|Any CPU
		{A53A7618-8F9B-4006-B6DA-E4D71F82C0E8}.Debug|Any CPU.ActiveCfg = Debug|Any CPU
		{A53A7618-8F9B-4006-B6DA-E4D71F82C0E8}.Debug|Any CPU.Build.0 = Debug|Any CPU
		{A53A7618-8F9B-4006-B6DA-E4D71F82C0E8}.Release|Any CPU.ActiveCfg = Release|Any CPU
		{A53A7618-8F9B-4006-B6DA-E4D71F82C0E8}.Release|Any CPU.Build.0 = Release|Any CPU
		{753E6C71-9EDE-422C-8DB3-63D6B9584DE9}.Debug|Any CPU.ActiveCfg = Debug|Any CPU
		{753E6C71-9EDE-422C-8DB3-63D6B9584DE9}.Debug|Any CPU.Build.0 = Debug|Any CPU
		{753E6C71-9EDE-422C-8DB3-63D6B9584DE9}.Release|Any CPU.ActiveCfg = Release|Any CPU
		{753E6C71-9EDE-422C-8DB3-63D6B9584DE9}.Release|Any CPU.Build.0 = Release|Any CPU
		{1C13E3E9-58DA-4FC5-8C51-ECA37DA8C1FD}.Debug|Any CPU.ActiveCfg = Debug|Any CPU
		{1C13E3E9-58DA-4FC5-8C51-ECA37DA8C1FD}.Debug|Any CPU.Build.0 = Debug|Any CPU
		{1C13E3E9-58DA-4FC5-8C51-ECA37DA8C1FD}.Release|Any CPU.ActiveCfg = Release|Any CPU
		{1C13E3E9-58DA-4FC5-8C51-ECA37DA8C1FD}.Release|Any CPU.Build.0 = Release|Any CPU
		{968513E4-D77F-45C2-927B-D9226AD5DB4D}.Debug|Any CPU.ActiveCfg = Debug|Any CPU
		{968513E4-D77F-45C2-927B-D9226AD5DB4D}.Debug|Any CPU.Build.0 = Debug|Any CPU
		{968513E4-D77F-45C2-927B-D9226AD5DB4D}.Release|Any CPU.ActiveCfg = Release|Any CPU
		{968513E4-D77F-45C2-927B-D9226AD5DB4D}.Release|Any CPU.Build.0 = Release|Any CPU
		{9C7F31D4-2F9E-4558-988C-2F079AB151ED}.Debug|Any CPU.ActiveCfg = Debug|Any CPU
		{9C7F31D4-2F9E-4558-988C-2F079AB151ED}.Debug|Any CPU.Build.0 = Debug|Any CPU
		{9C7F31D4-2F9E-4558-988C-2F079AB151ED}.Release|Any CPU.ActiveCfg = Release|Any CPU
		{9C7F31D4-2F9E-4558-988C-2F079AB151ED}.Release|Any CPU.Build.0 = Release|Any CPU
	EndGlobalSection
	GlobalSection(SolutionProperties) = preSolution
		HideSolutionNode = FALSE
	EndGlobalSection
	GlobalSection(ExtensibilityGlobals) = postSolution
		SolutionGuid = {B3E74C27-B196-443A-8B1B-5BD6382B5E25}
	EndGlobalSection
EndGlobal
